
Microsoft Visual Studio Solution File, Format Version 12.00
# Visual Studio Version 17
VisualStudioVersion = 17.13.35828.75 d17.13
MinimumVisualStudioVersion = 10.0.40219.1
Project("{FAE04EC0-301F-11D3-BF4B-00C04F79EFBC}") = "assignment", "assignment\assignment.csproj", "{49D051B7-41B2-445D-ACB2-4E280212B634}"
EndProject
Project("{FAE04EC0-301F-11D3-BF4B-00C04F79EFBC}") = "Demo", "Demo\Demo.csproj", "{7E1B2E4C-10EC-457E-B5DF-6F8444DE50C9}"
EndProject
Global
	GlobalSection(SolutionConfigurationPlatforms) = preSolution
		Debug|Any CPU = Debug|Any CPU
		Release|Any CPU = Release|Any CPU
	EndGlobalSection
	GlobalSection(ProjectConfigurationPlatforms) = postSolution
		{49D051B7-41B2-445D-ACB2-4E280212B634}.Debug|Any CPU.ActiveCfg = Debug|Any CPU
		{49D051B7-41B2-445D-ACB2-4E280212B634}.Debug|Any CPU.Build.0 = Debug|Any CPU
		{49D051B7-41B2-445D-ACB2-4E280212B634}.Release|Any CPU.ActiveCfg = Release|Any CPU
		{49D051B7-41B2-445D-ACB2-4E280212B634}.Release|Any CPU.Build.0 = Release|Any CPU
		{7E1B2E4C-10EC-457E-B5DF-6F8444DE50C9}.Debug|Any CPU.ActiveCfg = Debug|Any CPU
		{7E1B2E4C-10EC-457E-B5DF-6F8444DE50C9}.Debug|Any CPU.Build.0 = Debug|Any CPU
		{7E1B2E4C-10EC-457E-B5DF-6F8444DE50C9}.Release|Any CPU.ActiveCfg = Release|Any CPU
		{7E1B2E4C-10EC-457E-B5DF-6F8444DE50C9}.Release|Any CPU.Build.0 = Release|Any CPU
	EndGlobalSection
	GlobalSection(SolutionProperties) = preSolution
		HideSolutionNode = FALSE
	EndGlobalSection
	GlobalSection(ExtensibilityGlobals) = postSolution
		SolutionGuid = {6CF08D82-D8B7-4DA3-8B7C-F3E3727E4D89}
	EndGlobalSection
EndGlobal
